// !$*UTF8*$!
{
	archiveVersion = 1;
	classes = {
	};
	objectVersion = 50;
	objects = {

/* Begin PBXBuildFile section */
		1A03A5302230852B0076647C /* Assets.xcassets in Resources */ = {isa = PBXBuildFile; fileRef = 1A03A52F2230852B0076647C /* Assets.xcassets */; };
		1A03A5372230852B0076647C /* Tenso MessagesExtension.appex in Embed App Extensions */ = {isa = PBXBuildFile; fileRef = 1A03A5362230852B0076647C /* Tenso MessagesExtension.appex */; settings = {ATTRIBUTES = (RemoveHeadersOnCopy, ); }; };
		1A03A53C2230852B0076647C /* Messages.framework in Frameworks */ = {isa = PBXBuildFile; fileRef = 1A03A53B2230852B0076647C /* Messages.framework */; };
		1A03A53F2230852B0076647C /* MessagesViewController.swift in Sources */ = {isa = PBXBuildFile; fileRef = 1A03A53E2230852B0076647C /* MessagesViewController.swift */; };
		1A03A5422230852B0076647C /* MainInterface.storyboard in Resources */ = {isa = PBXBuildFile; fileRef = 1A03A5402230852B0076647C /* MainInterface.storyboard */; };
		1A03A5442230852C0076647C /* Assets.xcassets in Resources */ = {isa = PBXBuildFile; fileRef = 1A03A5432230852C0076647C /* Assets.xcassets */; };
		1A03A55022308AC90076647C /* PhotoRepository.swift in Sources */ = {isa = PBXBuildFile; fileRef = 1A03A54F22308AC90076647C /* PhotoRepository.swift */; };
		1A03A553223090A90076647C /* RecentPhotosViewController.swift in Sources */ = {isa = PBXBuildFile; fileRef = 1A03A552223090A90076647C /* RecentPhotosViewController.swift */; };
		1A03A5552230938F0076647C /* RecentPhotoCell.swift in Sources */ = {isa = PBXBuildFile; fileRef = 1A03A5542230938F0076647C /* RecentPhotoCell.swift */; };
		1A2FCF052242EC6C0010AE80 /* MessagesConversationDeletgate.swift in Sources */ = {isa = PBXBuildFile; fileRef = 1A2FCF042242EC6C0010AE80 /* MessagesConversationDeletgate.swift */; };
		1A3ED7B522343B0400632412 /* TensoModeViewController.swift in Sources */ = {isa = PBXBuildFile; fileRef = 1A3ED7B422343B0400632412 /* TensoModeViewController.swift */; };
		1A3ED7B72235A69400632412 /* TensoRepository.swift in Sources */ = {isa = PBXBuildFile; fileRef = 1A3ED7B62235A69400632412 /* TensoRepository.swift */; };
		1A3ED7BA2235C93E00632412 /* AutoModeViewController.swift in Sources */ = {isa = PBXBuildFile; fileRef = 1A3ED7B92235C93E00632412 /* AutoModeViewController.swift */; };
		1A3ED7BC2235C94E00632412 /* FacesModeViewController.swift in Sources */ = {isa = PBXBuildFile; fileRef = 1A3ED7BB2235C94E00632412 /* FacesModeViewController.swift */; };
		1A9B8E352236EDF10099B159 /* TensoStack.swift in Sources */ = {isa = PBXBuildFile; fileRef = 1A9B8E342236EDF10099B159 /* TensoStack.swift */; };
		1AB7BBCD22497E1D0065A092 /* MessagesViewController+MessagesAppConversationDeletgate.swift in Sources */ = {isa = PBXBuildFile; fileRef = 1AB7BBCC22497E1D0065A092 /* MessagesViewController+MessagesAppConversationDeletgate.swift */; };
		1ADA9820223997A900F84878 /* FeatureRepository.swift in Sources */ = {isa = PBXBuildFile; fileRef = 1ADA981F223997A900F84878 /* FeatureRepository.swift */; };
/* End PBXBuildFile section */

/* Begin PBXContainerItemProxy section */
		1A03A5382230852B0076647C /* PBXContainerItemProxy */ = {
			isa = PBXContainerItemProxy;
			containerPortal = 1A03A5262230852A0076647C /* Project object */;
			proxyType = 1;
			remoteGlobalIDString = 1A03A5352230852B0076647C;
			remoteInfo = "Tenso MessagesExtension";
		};
/* End PBXContainerItemProxy section */

/* Begin PBXCopyFilesBuildPhase section */
		1A03A54B2230852C0076647C /* Embed App Extensions */ = {
			isa = PBXCopyFilesBuildPhase;
			buildActionMask = 2147483647;
			dstPath = "";
			dstSubfolderSpec = 13;
			files = (
				1A03A5372230852B0076647C /* Tenso MessagesExtension.appex in Embed App Extensions */,
			);
			name = "Embed App Extensions";
			runOnlyForDeploymentPostprocessing = 0;
		};
/* End PBXCopyFilesBuildPhase section */

/* Begin PBXFileReference section */
		1A03A52C2230852A0076647C /* Tenso.app */ = {isa = PBXFileReference; explicitFileType = wrapper.application; includeInIndex = 0; path = Tenso.app; sourceTree = BUILT_PRODUCTS_DIR; };
		1A03A52F2230852B0076647C /* Assets.xcassets */ = {isa = PBXFileReference; lastKnownFileType = folder.assetcatalog; path = Assets.xcassets; sourceTree = "<group>"; };
		1A03A5312230852B0076647C /* Info.plist */ = {isa = PBXFileReference; lastKnownFileType = text.plist.xml; path = Info.plist; sourceTree = "<group>"; };
		1A03A5362230852B0076647C /* Tenso MessagesExtension.appex */ = {isa = PBXFileReference; explicitFileType = "wrapper.app-extension"; includeInIndex = 0; path = "Tenso MessagesExtension.appex"; sourceTree = BUILT_PRODUCTS_DIR; };
		1A03A53B2230852B0076647C /* Messages.framework */ = {isa = PBXFileReference; lastKnownFileType = wrapper.framework; name = Messages.framework; path = System/Library/Frameworks/Messages.framework; sourceTree = SDKROOT; };
		1A03A53E2230852B0076647C /* MessagesViewController.swift */ = {isa = PBXFileReference; lastKnownFileType = sourcecode.swift; path = MessagesViewController.swift; sourceTree = "<group>"; };
		1A03A5412230852B0076647C /* Base */ = {isa = PBXFileReference; lastKnownFileType = file.storyboard; name = Base; path = Base.lproj/MainInterface.storyboard; sourceTree = "<group>"; };
		1A03A5432230852C0076647C /* Assets.xcassets */ = {isa = PBXFileReference; lastKnownFileType = folder.assetcatalog; path = Assets.xcassets; sourceTree = "<group>"; };
		1A03A5452230852C0076647C /* Info.plist */ = {isa = PBXFileReference; lastKnownFileType = text.plist.xml; path = Info.plist; sourceTree = "<group>"; };
		1A03A54F22308AC90076647C /* PhotoRepository.swift */ = {isa = PBXFileReference; lastKnownFileType = sourcecode.swift; path = PhotoRepository.swift; sourceTree = "<group>"; };
		1A03A552223090A90076647C /* RecentPhotosViewController.swift */ = {isa = PBXFileReference; lastKnownFileType = sourcecode.swift; path = RecentPhotosViewController.swift; sourceTree = "<group>"; };
		1A03A5542230938F0076647C /* RecentPhotoCell.swift */ = {isa = PBXFileReference; lastKnownFileType = sourcecode.swift; path = RecentPhotoCell.swift; sourceTree = "<group>"; };
		1A2FCF042242EC6C0010AE80 /* MessagesConversationDeletgate.swift */ = {isa = PBXFileReference; lastKnownFileType = sourcecode.swift; path = MessagesConversationDeletgate.swift; sourceTree = "<group>"; };
		1A3ED7B422343B0400632412 /* TensoModeViewController.swift */ = {isa = PBXFileReference; lastKnownFileType = sourcecode.swift; path = TensoModeViewController.swift; sourceTree = "<group>"; };
		1A3ED7B62235A69400632412 /* TensoRepository.swift */ = {isa = PBXFileReference; lastKnownFileType = sourcecode.swift; path = TensoRepository.swift; sourceTree = "<group>"; };
		1A3ED7B92235C93E00632412 /* AutoModeViewController.swift */ = {isa = PBXFileReference; lastKnownFileType = sourcecode.swift; path = AutoModeViewController.swift; sourceTree = "<group>"; };
		1A3ED7BB2235C94E00632412 /* FacesModeViewController.swift */ = {isa = PBXFileReference; lastKnownFileType = sourcecode.swift; path = FacesModeViewController.swift; sourceTree = "<group>"; };
		1A9B8E342236EDF10099B159 /* TensoStack.swift */ = {isa = PBXFileReference; lastKnownFileType = sourcecode.swift; path = TensoStack.swift; sourceTree = "<group>"; };
		1AB7BBCC22497E1D0065A092 /* MessagesViewController+MessagesAppConversationDeletgate.swift */ = {isa = PBXFileReference; lastKnownFileType = sourcecode.swift; path = "MessagesViewController+MessagesAppConversationDeletgate.swift"; sourceTree = "<group>"; };
		1ADA981F223997A900F84878 /* FeatureRepository.swift */ = {isa = PBXFileReference; lastKnownFileType = sourcecode.swift; path = FeatureRepository.swift; sourceTree = "<group>"; };
/* End PBXFileReference section */

/* Begin PBXFrameworksBuildPhase section */
		1A03A5332230852B0076647C /* Frameworks */ = {
			isa = PBXFrameworksBuildPhase;
			buildActionMask = 2147483647;
			files = (
				1A03A53C2230852B0076647C /* Messages.framework in Frameworks */,
			);
			runOnlyForDeploymentPostprocessing = 0;
		};
/* End PBXFrameworksBuildPhase section */

/* Begin PBXGroup section */
		1A03A5252230852A0076647C = {
			isa = PBXGroup;
			children = (
				1A03A52E2230852A0076647C /* Tenso */,
				1A03A53D2230852B0076647C /* Tenso MessagesExtension */,
				1A03A53A2230852B0076647C /* Frameworks */,
				1A03A52D2230852A0076647C /* Products */,
			);
			sourceTree = "<group>";
		};
		1A03A52D2230852A0076647C /* Products */ = {
			isa = PBXGroup;
			children = (
				1A03A52C2230852A0076647C /* Tenso.app */,
				1A03A5362230852B0076647C /* Tenso MessagesExtension.appex */,
			);
			name = Products;
			sourceTree = "<group>";
		};
		1A03A52E2230852A0076647C /* Tenso */ = {
			isa = PBXGroup;
			children = (
				1A03A52F2230852B0076647C /* Assets.xcassets */,
				1A03A5312230852B0076647C /* Info.plist */,
			);
			path = Tenso;
			sourceTree = "<group>";
		};
		1A03A53A2230852B0076647C /* Frameworks */ = {
			isa = PBXGroup;
			children = (
				1A03A53B2230852B0076647C /* Messages.framework */,
			);
			name = Frameworks;
			sourceTree = "<group>";
		};
		1A03A53D2230852B0076647C /* Tenso MessagesExtension */ = {
			isa = PBXGroup;
			children = (
				1ADA981B2239958100F84878 /* Protocols */,
				1A9B8E332236EDE00099B159 /* Models */,
				1A03A556223095740076647C /* Repositories */,
				1A03A551223090850076647C /* ViewControllers */,
				1A03A5402230852B0076647C /* MainInterface.storyboard */,
				1A03A5432230852C0076647C /* Assets.xcassets */,
				1A03A5452230852C0076647C /* Info.plist */,
			);
			path = "Tenso MessagesExtension";
			sourceTree = "<group>";
		};
		1A03A551223090850076647C /* ViewControllers */ = {
			isa = PBXGroup;
			children = (
				1AB7BBCE22497E850065A092 /* Extensions */,
				1ADA981E2239963C00F84878 /* ViewCells */,
				1A3ED7B82235C92500632412 /* TensoModes */,
				1A3ED7B422343B0400632412 /* TensoModeViewController.swift */,
				1A03A552223090A90076647C /* RecentPhotosViewController.swift */,
				1A03A53E2230852B0076647C /* MessagesViewController.swift */,
			);
			path = ViewControllers;
			sourceTree = "<group>";
		};
		1A03A556223095740076647C /* Repositories */ = {
			isa = PBXGroup;
			children = (
				1A03A54F22308AC90076647C /* PhotoRepository.swift */,
				1A3ED7B62235A69400632412 /* TensoRepository.swift */,
				1ADA981F223997A900F84878 /* FeatureRepository.swift */,
			);
			path = Repositories;
			sourceTree = "<group>";
		};
		1A3ED7B82235C92500632412 /* TensoModes */ = {
			isa = PBXGroup;
			children = (
				1A3ED7B92235C93E00632412 /* AutoModeViewController.swift */,
				1A3ED7BB2235C94E00632412 /* FacesModeViewController.swift */,
			);
			path = TensoModes;
			sourceTree = "<group>";
		};
		1A9B8E332236EDE00099B159 /* Models */ = {
			isa = PBXGroup;
			children = (
				1A9B8E342236EDF10099B159 /* TensoStack.swift */,
			);
			path = Models;
			sourceTree = "<group>";
		};
		1AB7BBCE22497E850065A092 /* Extensions */ = {
			isa = PBXGroup;
			children = (
				1AB7BBCC22497E1D0065A092 /* MessagesViewController+MessagesAppConversationDeletgate.swift */,
			);
			path = Extensions;
			sourceTree = "<group>";
		};
		1ADA981B2239958100F84878 /* Protocols */ = {
			isa = PBXGroup;
			children = (
				1A2FCF042242EC6C0010AE80 /* MessagesConversationDeletgate.swift */,
			);
			path = Protocols;
			sourceTree = "<group>";
		};
		1ADA981E2239963C00F84878 /* ViewCells */ = {
			isa = PBXGroup;
			children = (
				1A03A5542230938F0076647C /* RecentPhotoCell.swift */,
			);
			path = ViewCells;
			sourceTree = "<group>";
		};
/* End PBXGroup section */

/* Begin PBXNativeTarget section */
		1A03A52B2230852A0076647C /* Tenso */ = {
			isa = PBXNativeTarget;
			buildConfigurationList = 1A03A54C2230852C0076647C /* Build configuration list for PBXNativeTarget "Tenso" */;
			buildPhases = (
				1A03A52A2230852A0076647C /* Resources */,
				1A03A54B2230852C0076647C /* Embed App Extensions */,
			);
			buildRules = (
			);
			dependencies = (
				1A03A5392230852B0076647C /* PBXTargetDependency */,
			);
			name = Tenso;
			productName = Tenso;
			productReference = 1A03A52C2230852A0076647C /* Tenso.app */;
			productType = "com.apple.product-type.application.messages";
		};
		1A03A5352230852B0076647C /* Tenso MessagesExtension */ = {
			isa = PBXNativeTarget;
			buildConfigurationList = 1A03A5482230852C0076647C /* Build configuration list for PBXNativeTarget "Tenso MessagesExtension" */;
			buildPhases = (
				1A03A5322230852B0076647C /* Sources */,
				1A03A5332230852B0076647C /* Frameworks */,
				1A03A5342230852B0076647C /* Resources */,
			);
			buildRules = (
			);
			dependencies = (
			);
			name = "Tenso MessagesExtension";
			productName = "Tenso MessagesExtension";
			productReference = 1A03A5362230852B0076647C /* Tenso MessagesExtension.appex */;
			productType = "com.apple.product-type.app-extension.messages";
		};
/* End PBXNativeTarget section */

/* Begin PBXProject section */
		1A03A5262230852A0076647C /* Project object */ = {
			isa = PBXProject;
			attributes = {
				LastSwiftUpdateCheck = 1010;
				LastUpgradeCheck = 1010;
				ORGANIZATIONNAME = yorkSwift;
				TargetAttributes = {
					1A03A52B2230852A0076647C = {
						CreatedOnToolsVersion = 10.1;
					};
					1A03A5352230852B0076647C = {
						CreatedOnToolsVersion = 10.1;
					};
				};
			};
			buildConfigurationList = 1A03A5292230852A0076647C /* Build configuration list for PBXProject "Tenso" */;
			compatibilityVersion = "Xcode 9.3";
			developmentRegion = en;
			hasScannedForEncodings = 0;
			knownRegions = (
				en,
				Base,
			);
			mainGroup = 1A03A5252230852A0076647C;
			productRefGroup = 1A03A52D2230852A0076647C /* Products */;
			projectDirPath = "";
			projectRoot = "";
			targets = (
				1A03A52B2230852A0076647C /* Tenso */,
				1A03A5352230852B0076647C /* Tenso MessagesExtension */,
			);
		};
/* End PBXProject section */

/* Begin PBXResourcesBuildPhase section */
		1A03A52A2230852A0076647C /* Resources */ = {
			isa = PBXResourcesBuildPhase;
			buildActionMask = 2147483647;
			files = (
				1A03A5302230852B0076647C /* Assets.xcassets in Resources */,
			);
			runOnlyForDeploymentPostprocessing = 0;
		};
		1A03A5342230852B0076647C /* Resources */ = {
			isa = PBXResourcesBuildPhase;
			buildActionMask = 2147483647;
			files = (
				1A03A5442230852C0076647C /* Assets.xcassets in Resources */,
				1A03A5422230852B0076647C /* MainInterface.storyboard in Resources */,
			);
			runOnlyForDeploymentPostprocessing = 0;
		};
/* End PBXResourcesBuildPhase section */

/* Begin PBXSourcesBuildPhase section */
		1A03A5322230852B0076647C /* Sources */ = {
			isa = PBXSourcesBuildPhase;
			buildActionMask = 2147483647;
			files = (
				1AB7BBCD22497E1D0065A092 /* MessagesViewController+MessagesAppConversationDeletgate.swift in Sources */,
				1A3ED7B522343B0400632412 /* TensoModeViewController.swift in Sources */,
				1A03A55022308AC90076647C /* PhotoRepository.swift in Sources */,
				1A03A5552230938F0076647C /* RecentPhotoCell.swift in Sources */,
				1A2FCF052242EC6C0010AE80 /* MessagesConversationDeletgate.swift in Sources */,
				1A3ED7BA2235C93E00632412 /* AutoModeViewController.swift in Sources */,
				1A3ED7B72235A69400632412 /* TensoRepository.swift in Sources */,
				1A03A553223090A90076647C /* RecentPhotosViewController.swift in Sources */,
				1A3ED7BC2235C94E00632412 /* FacesModeViewController.swift in Sources */,
				1ADA9820223997A900F84878 /* FeatureRepository.swift in Sources */,
				1A9B8E352236EDF10099B159 /* TensoStack.swift in Sources */,
				1A03A53F2230852B0076647C /* MessagesViewController.swift in Sources */,
			);
			runOnlyForDeploymentPostprocessing = 0;
		};
/* End PBXSourcesBuildPhase section */

/* Begin PBXTargetDependency section */
		1A03A5392230852B0076647C /* PBXTargetDependency */ = {
			isa = PBXTargetDependency;
			target = 1A03A5352230852B0076647C /* Tenso MessagesExtension */;
			targetProxy = 1A03A5382230852B0076647C /* PBXContainerItemProxy */;
		};
/* End PBXTargetDependency section */

/* Begin PBXVariantGroup section */
		1A03A5402230852B0076647C /* MainInterface.storyboard */ = {
			isa = PBXVariantGroup;
			children = (
				1A03A5412230852B0076647C /* Base */,
			);
			name = MainInterface.storyboard;
			sourceTree = "<group>";
		};
/* End PBXVariantGroup section */

/* Begin XCBuildConfiguration section */
		1A03A5462230852C0076647C /* Debug */ = {
			isa = XCBuildConfiguration;
			buildSettings = {
				ALWAYS_SEARCH_USER_PATHS = NO;
				CLANG_ANALYZER_NONNULL = YES;
				CLANG_ANALYZER_NUMBER_OBJECT_CONVERSION = YES_AGGRESSIVE;
				CLANG_CXX_LANGUAGE_STANDARD = "gnu++14";
				CLANG_CXX_LIBRARY = "libc++";
				CLANG_ENABLE_MODULES = YES;
				CLANG_ENABLE_OBJC_ARC = YES;
				CLANG_ENABLE_OBJC_WEAK = YES;
				CLANG_WARN_BLOCK_CAPTURE_AUTORELEASING = YES;
				CLANG_WARN_BOOL_CONVERSION = YES;
				CLANG_WARN_COMMA = YES;
				CLANG_WARN_CONSTANT_CONVERSION = YES;
				CLANG_WARN_DEPRECATED_OBJC_IMPLEMENTATIONS = YES;
				CLANG_WARN_DIRECT_OBJC_ISA_USAGE = YES_ERROR;
				CLANG_WARN_DOCUMENTATION_COMMENTS = YES;
				CLANG_WARN_EMPTY_BODY = YES;
				CLANG_WARN_ENUM_CONVERSION = YES;
				CLANG_WARN_INFINITE_RECURSION = YES;
				CLANG_WARN_INT_CONVERSION = YES;
				CLANG_WARN_NON_LITERAL_NULL_CONVERSION = YES;
				CLANG_WARN_OBJC_IMPLICIT_RETAIN_SELF = YES;
				CLANG_WARN_OBJC_LITERAL_CONVERSION = YES;
				CLANG_WARN_OBJC_ROOT_CLASS = YES_ERROR;
				CLANG_WARN_RANGE_LOOP_ANALYSIS = YES;
				CLANG_WARN_STRICT_PROTOTYPES = YES;
				CLANG_WARN_SUSPICIOUS_MOVE = YES;
				CLANG_WARN_UNGUARDED_AVAILABILITY = YES_AGGRESSIVE;
				CLANG_WARN_UNREACHABLE_CODE = YES;
				CLANG_WARN__DUPLICATE_METHOD_MATCH = YES;
				CODE_SIGN_IDENTITY = "iPhone Developer";
				COPY_PHASE_STRIP = NO;
				DEBUG_INFORMATION_FORMAT = dwarf;
				ENABLE_STRICT_OBJC_MSGSEND = YES;
				ENABLE_TESTABILITY = YES;
				GCC_C_LANGUAGE_STANDARD = gnu11;
				GCC_DYNAMIC_NO_PIC = NO;
				GCC_NO_COMMON_BLOCKS = YES;
				GCC_OPTIMIZATION_LEVEL = 0;
				GCC_PREPROCESSOR_DEFINITIONS = (
					"DEBUG=1",
					"$(inherited)",
				);
				GCC_WARN_64_TO_32_BIT_CONVERSION = YES;
				GCC_WARN_ABOUT_RETURN_TYPE = YES_ERROR;
				GCC_WARN_UNDECLARED_SELECTOR = YES;
				GCC_WARN_UNINITIALIZED_AUTOS = YES_AGGRESSIVE;
				GCC_WARN_UNUSED_FUNCTION = YES;
				GCC_WARN_UNUSED_VARIABLE = YES;
				IPHONEOS_DEPLOYMENT_TARGET = 12.1;
				MTL_ENABLE_DEBUG_INFO = INCLUDE_SOURCE;
				MTL_FAST_MATH = YES;
				ONLY_ACTIVE_ARCH = YES;
				SDKROOT = iphoneos;
				SWIFT_ACTIVE_COMPILATION_CONDITIONS = DEBUG;
				SWIFT_OPTIMIZATION_LEVEL = "-Onone";
			};
			name = Debug;
		};
		1A03A5472230852C0076647C /* Release */ = {
			isa = XCBuildConfiguration;
			buildSettings = {
				ALWAYS_SEARCH_USER_PATHS = NO;
				CLANG_ANALYZER_NONNULL = YES;
				CLANG_ANALYZER_NUMBER_OBJECT_CONVERSION = YES_AGGRESSIVE;
				CLANG_CXX_LANGUAGE_STANDARD = "gnu++14";
				CLANG_CXX_LIBRARY = "libc++";
				CLANG_ENABLE_MODULES = YES;
				CLANG_ENABLE_OBJC_ARC = YES;
				CLANG_ENABLE_OBJC_WEAK = YES;
				CLANG_WARN_BLOCK_CAPTURE_AUTORELEASING = YES;
				CLANG_WARN_BOOL_CONVERSION = YES;
				CLANG_WARN_COMMA = YES;
				CLANG_WARN_CONSTANT_CONVERSION = YES;
				CLANG_WARN_DEPRECATED_OBJC_IMPLEMENTATIONS = YES;
				CLANG_WARN_DIRECT_OBJC_ISA_USAGE = YES_ERROR;
				CLANG_WARN_DOCUMENTATION_COMMENTS = YES;
				CLANG_WARN_EMPTY_BODY = YES;
				CLANG_WARN_ENUM_CONVERSION = YES;
				CLANG_WARN_INFINITE_RECURSION = YES;
				CLANG_WARN_INT_CONVERSION = YES;
				CLANG_WARN_NON_LITERAL_NULL_CONVERSION = YES;
				CLANG_WARN_OBJC_IMPLICIT_RETAIN_SELF = YES;
				CLANG_WARN_OBJC_LITERAL_CONVERSION = YES;
				CLANG_WARN_OBJC_ROOT_CLASS = YES_ERROR;
				CLANG_WARN_RANGE_LOOP_ANALYSIS = YES;
				CLANG_WARN_STRICT_PROTOTYPES = YES;
				CLANG_WARN_SUSPICIOUS_MOVE = YES;
				CLANG_WARN_UNGUARDED_AVAILABILITY = YES_AGGRESSIVE;
				CLANG_WARN_UNREACHABLE_CODE = YES;
				CLANG_WARN__DUPLICATE_METHOD_MATCH = YES;
				CODE_SIGN_IDENTITY = "iPhone Developer";
				COPY_PHASE_STRIP = NO;
				DEBUG_INFORMATION_FORMAT = "dwarf-with-dsym";
				ENABLE_NS_ASSERTIONS = NO;
				ENABLE_STRICT_OBJC_MSGSEND = YES;
				GCC_C_LANGUAGE_STANDARD = gnu11;
				GCC_NO_COMMON_BLOCKS = YES;
				GCC_WARN_64_TO_32_BIT_CONVERSION = YES;
				GCC_WARN_ABOUT_RETURN_TYPE = YES_ERROR;
				GCC_WARN_UNDECLARED_SELECTOR = YES;
				GCC_WARN_UNINITIALIZED_AUTOS = YES_AGGRESSIVE;
				GCC_WARN_UNUSED_FUNCTION = YES;
				GCC_WARN_UNUSED_VARIABLE = YES;
				IPHONEOS_DEPLOYMENT_TARGET = 12.1;
				MTL_ENABLE_DEBUG_INFO = NO;
				MTL_FAST_MATH = YES;
				SDKROOT = iphoneos;
				SWIFT_COMPILATION_MODE = wholemodule;
				SWIFT_OPTIMIZATION_LEVEL = "-O";
				VALIDATE_PRODUCT = YES;
			};
			name = Release;
		};
		1A03A5492230852C0076647C /* Debug */ = {
			isa = XCBuildConfiguration;
			buildSettings = {
				ASSETCATALOG_COMPILER_APPICON_NAME = "iMessage App Icon";
				CODE_SIGN_STYLE = Automatic;
				DEVELOPMENT_TEAM = 8STYTPX2RS;
				INFOPLIST_FILE = "Tenso MessagesExtension/Info.plist";
				LD_RUNPATH_SEARCH_PATHS = (
					"$(inherited)",
					"@executable_path/Frameworks",
					"@executable_path/../../Frameworks",
				);
				PRODUCT_BUNDLE_IDENTIFIER = yorkSwift.Tenso.MessagesExtension;
				PRODUCT_NAME = "$(TARGET_NAME)";
				SKIP_INSTALL = YES;
				SWIFT_VERSION = 4.2;
				TARGETED_DEVICE_FAMILY = "1,2";
			};
			name = Debug;
		};
		1A03A54A2230852C0076647C /* Release */ = {
			isa = XCBuildConfiguration;
			buildSettings = {
				ASSETCATALOG_COMPILER_APPICON_NAME = "iMessage App Icon";
				CODE_SIGN_STYLE = Automatic;
				DEVELOPMENT_TEAM = 8STYTPX2RS;
				INFOPLIST_FILE = "Tenso MessagesExtension/Info.plist";
				LD_RUNPATH_SEARCH_PATHS = (
					"$(inherited)",
					"@executable_path/Frameworks",
					"@executable_path/../../Frameworks",
				);
				PRODUCT_BUNDLE_IDENTIFIER = yorkSwift.Tenso.MessagesExtension;
				PRODUCT_NAME = "$(TARGET_NAME)";
				SKIP_INSTALL = YES;
				SWIFT_VERSION = 4.2;
				TARGETED_DEVICE_FAMILY = "1,2";
			};
			name = Release;
		};
		1A03A54D2230852C0076647C /* Debug */ = {
			isa = XCBuildConfiguration;
			buildSettings = {
				ALWAYS_EMBED_SWIFT_STANDARD_LIBRARIES = YES;
				ASSETCATALOG_COMPILER_APPICON_NAME = AppIcon;
				CODE_SIGN_STYLE = Automatic;
				DEVELOPMENT_TEAM = 8STYTPX2RS;
				INFOPLIST_FILE = Tenso/Info.plist;
				PRODUCT_BUNDLE_IDENTIFIER = yorkSwift.Tenso;
				PRODUCT_NAME = "$(TARGET_NAME)";
				SWIFT_VERSION = 4.2;
				TARGETED_DEVICE_FAMILY = "1,2";
			};
			name = Debug;
		};
		1A03A54E2230852C0076647C /* Release */ = {
			isa = XCBuildConfiguration;
			buildSettings = {
				ALWAYS_EMBED_SWIFT_STANDARD_LIBRARIES = YES;
				ASSETCATALOG_COMPILER_APPICON_NAME = AppIcon;
				CODE_SIGN_STYLE = Automatic;
				DEVELOPMENT_TEAM = 8STYTPX2RS;
				INFOPLIST_FILE = Tenso/Info.plist;
				PRODUCT_BUNDLE_IDENTIFIER = yorkSwift.Tenso;
				PRODUCT_NAME = "$(TARGET_NAME)";
				SWIFT_VERSION = 4.2;
				TARGETED_DEVICE_FAMILY = "1,2";
			};
			name = Release;
		};
/* End XCBuildConfiguration section */

/* Begin XCConfigurationList section */
		1A03A5292230852A0076647C /* Build configuration list for PBXProject "Tenso" */ = {
			isa = XCConfigurationList;
			buildConfigurations = (
				1A03A5462230852C0076647C /* Debug */,
				1A03A5472230852C0076647C /* Release */,
			);
			defaultConfigurationIsVisible = 0;
			defaultConfigurationName = Release;
		};
		1A03A5482230852C0076647C /* Build configuration list for PBXNativeTarget "Tenso MessagesExtension" */ = {
			isa = XCConfigurationList;
			buildConfigurations = (
				1A03A5492230852C0076647C /* Debug */,
				1A03A54A2230852C0076647C /* Release */,
			);
			defaultConfigurationIsVisible = 0;
			defaultConfigurationName = Release;
		};
		1A03A54C2230852C0076647C /* Build configuration list for PBXNativeTarget "Tenso" */ = {
			isa = XCConfigurationList;
			buildConfigurations = (
				1A03A54D2230852C0076647C /* Debug */,
				1A03A54E2230852C0076647C /* Release */,
			);
			defaultConfigurationIsVisible = 0;
			defaultConfigurationName = Release;
		};
/* End XCConfigurationList section */
	};
	rootObject = 1A03A5262230852A0076647C /* Project object */;
}
